
Microsoft Visual Studio Solution File, Format Version 12.00
# Visual Studio Version 17
VisualStudioVersion = 17.14.36429.23 d17.14
MinimumVisualStudioVersion = 10.0.40219.1
Project("{8BC9CEB8-8B4A-11D0-8D11-00A0C91BC942}") = "tais_1.1", "tais_1.1.vcxproj", "{5F39EF4F-3454-4AE6-A159-9184A88313BD}"
EndProject
Global
	GlobalSection(SolutionConfigurationPlatforms) = preSolution
		Debug|x64 = Debug|x64
		Debug|x86 = Debug|x86
		Release|x64 = Release|x64
		Release|x86 = Release|x86
	EndGlobalSection
	GlobalSection(ProjectConfigurationPlatforms) = postSolution
		{5F39EF4F-3454-4AE6-A159-9184A88313BD}.Debug|x64.ActiveCfg = Debug|x64
		{5F39EF4F-3454-4AE6-A159-9184A88313BD}.Debug|x64.Build.0 = Debug|x64
		{5F39EF4F-3454-4AE6-A159-9184A88313BD}.Debug|x86.ActiveCfg = Debug|Win32
		{5F39EF4F-3454-4AE6-A159-9184A88313BD}.Debug|x86.Build.0 = Debug|Win32
		{5F39EF4F-3454-4AE6-A159-9184A88313BD}.Release|x64.ActiveCfg = Release|x64
		{5F39EF4F-3454-4AE6-A159-9184A88313BD}.Release|x64.Build.0 = Release|x64
		{5F39EF4F-3454-4AE6-A159-9184A88313BD}.Release|x86.ActiveCfg = Release|Win32
		{5F39EF4F-3454-4AE6-A159-9184A88313BD}.Release|x86.Build.0 = Release|Win32
	EndGlobalSection
	GlobalSection(SolutionProperties) = preSolution
		HideSolutionNode = FALSE
	EndGlobalSection
	GlobalSection(ExtensibilityGlobals) = postSolution
		SolutionGuid = {D59BF703-CA70-4FDB-AA02-1A4E9249E6AB}
	EndGlobalSection
EndGlobal
